{
  "nodes": {
    "disko": {
      "inputs": {
        "nixpkgs": [
          "nixpkgs"
        ]
      },
      "locked": {
        "lastModified": 1768920986,
        "narHash": "sha256-CNzzBsRhq7gg4BMBuTDObiWDH/rFYHEuDRVOwCcwXw4=",
        "owner": "nix-community",
        "repo": "disko",
        "rev": "de5708739256238fb912c62f03988815db89ec9a",
        "type": "github"
      },
      "original": {
        "owner": "nix-community",
        "ref": "latest",
        "repo": "disko",
        "type": "github"
      }
    },
    "home-manager": {
      "inputs": {
        "nixpkgs": [
          "nixpkgs"
        ]
      },
      "locked": {
        "lastModified": 1768942641,
        "narHash": "sha256-i25tkhqjsfo0YKz8To/+gzazW1v4f8qUGqJQ8OLrkqE=",
        "owner": "nix-community",
        "repo": "home-manager",
        "rev": "9997de2f62d1875644f02ddf96cf485a4baecb6f",
        "type": "github"
      },
      "original": {
        "owner": "nix-community",
        "repo": "home-manager",
        "type": "github"
      }
    },
    "home-manager_2": {
      "inputs": {
        "nixpkgs": [
          "impermanence",
          "nixpkgs"
        ]
      },
      "locked": {
        "lastModified": 1768598210,
        "narHash": "sha256-kkgA32s/f4jaa4UG+2f8C225Qvclxnqs76mf8zvTVPg=",
        "owner": "nix-community",
        "repo": "home-manager",
        "rev": "c47b2cc64a629f8e075de52e4742de688f930dc6",
        "type": "github"
      },
      "original": {
        "owner": "nix-community",
        "repo": "home-manager",
        "type": "github"
      }
    },
    "impermanence": {
      "inputs": {
        "home-manager": "home-manager_2",
        "nixpkgs": "nixpkgs"
      },
      "locked": {
        "lastModified": 1768941735,
        "narHash": "sha256-OyxsfXNcOkt06/kM+4bnuC8moDx+t7Qr+RB0BBa83Ig=",
        "owner": "nix-community",
        "repo": "impermanence",
        "rev": "69ecf31e8fddc9354a4b418f3a517445d486bb54",
        "type": "github"
      },
      "original": {
        "owner": "nix-community",
        "repo": "impermanence",
        "type": "github"
      }
    },
    "nix-cats": {
      "inputs": {
        "nixCats": "nixCats",
        "nixpkgs": "nixpkgs_2",
        "plugins-nvim-parinfer": "plugins-nvim-parinfer",
        "plugins-nvim-recorder": "plugins-nvim-recorder",
        "plugins-zellij-vim": "plugins-zellij-vim",
        "rust-overlay": "rust-overlay"
      },
      "locked": {
        "lastModified": 1768956473,
        "narHash": "sha256-3j1rWZQCl+wcr29rjbGseoWeEuil/xQNPlRzifLjdeU=",
        "owner": "wdylanbibb",
        "repo": "nixcats-config",
        "rev": "8021ba23b9cfe8ea9c42811de9fdf47231fd5ee6",
        "type": "github"
      },
      "original": {
        "owner": "wdylanbibb",
        "repo": "nixcats-config",
        "type": "github"
      }
    },
    "nix-virt": {
      "inputs": {
        "nixpkgs": [
          "nixpkgs"
        ]
      },
      "locked": {
        "lastModified": 1748140003,
        "narHash": "sha256-DNBZmuk1YRM2PmwbHzVdXumRjCUzQkMarg4iI/37rOQ=",
        "rev": "5dfe108fd859b122f9a96981cb6bc12297653d6c",
        "revCount": 407,
        "type": "tarball",
        "url": "https://api.flakehub.com/f/pinned/AshleyYakeley/NixVirt/0.6.0/0197059a-e45f-7446-86b5-411ccc894ab0/source.tar.gz"
      },
      "original": {
        "type": "tarball",
        "url": "https://flakehub.com/f/AshleyYakeley/NixVirt/0.6.0.tar.gz"
      }
    },
    "nixCats": {
      "locked": {
        "lastModified": 1755491370,
        "narHash": "sha256-i1sI9zxcygXP7ExtjqEz06jAobk9FWiYgbeimwn5Owc=",
        "owner": "BirdeeHub",
        "repo": "nixCats-nvim",
        "rev": "a526813d8026d7a2a8a40a5d89eb76cf89d63169",
        "type": "github"
      },
      "original": {
        "owner": "BirdeeHub",
        "repo": "nixCats-nvim",
        "type": "github"
      }
    },
    "nixpkgs": {
      "locked": {
        "lastModified": 1768564909,
        "narHash": "sha256-Kell/SpJYVkHWMvnhqJz/8DqQg2b6PguxVWOuadbHCc=",
        "owner": "nixos",
        "repo": "nixpkgs",
        "rev": "e4bae1bd10c9c57b2cf517953ab70060a828ee6f",
        "type": "github"
      },
      "original": {
        "owner": "nixos",
        "ref": "nixos-unstable",
        "repo": "nixpkgs",
        "type": "github"
      }
    },
    "nixpkgs_2": {
      "locked": {
        "lastModified": 1755268003,
        "narHash": "sha256-nNaeJjo861wFR0tjHDyCnHs1rbRtrMgxAKMoig9Sj/w=",
        "owner": "nixos",
        "repo": "nixpkgs",
        "rev": "32f313e49e42f715491e1ea7b306a87c16fe0388",
        "type": "github"
      },
      "original": {
        "owner": "nixos",
        "ref": "nixpkgs-unstable",
        "repo": "nixpkgs",
        "type": "github"
      }
    },
    "nixpkgs_3": {
      "locked": {
        "lastModified": 1768564909,
        "narHash": "sha256-Kell/SpJYVkHWMvnhqJz/8DqQg2b6PguxVWOuadbHCc=",
        "owner": "nixos",
        "repo": "nixpkgs",
        "rev": "e4bae1bd10c9c57b2cf517953ab70060a828ee6f",
        "type": "github"
      },
      "original": {
        "owner": "nixos",
        "ref": "nixos-unstable",
        "repo": "nixpkgs",
        "type": "github"
      }
    },
    "nixpkgs_4": {
      "locked": {
        "lastModified": 1768569498,
        "narHash": "sha256-bB6Nt99Cj8Nu5nIUq0GLmpiErIT5KFshMQJGMZwgqUo=",
        "owner": "NixOS",
        "repo": "nixpkgs",
        "rev": "be5afa0fcb31f0a96bf9ecba05a516c66fcd8114",
        "type": "github"
      },
      "original": {
        "owner": "NixOS",
        "ref": "nixpkgs-unstable",
        "repo": "nixpkgs",
        "type": "github"
      }
    },
    "plugins-nvim-parinfer": {
      "flake": false,
      "locked": {
        "lastModified": 1759325281,
        "narHash": "sha256-hzm+VF669NpILT6P540PriXDuOCjPq3D7YKxLv5EsQU=",
        "owner": "gpanders",
        "repo": "nvim-parinfer",
        "rev": "3968e669d9f02589aa311d33cb475b16b27c5fbb",
        "type": "github"
      },
      "original": {
        "owner": "gpanders",
        "repo": "nvim-parinfer",
        "type": "github"
      }
    },
    "plugins-nvim-recorder": {
      "flake": false,
      "locked": {
        "lastModified": 1755842173,
        "narHash": "sha256-vvSEzgpWNjO9U8GN6LTEvRmTz5QJ372a0XzEWguR1s4=",
        "owner": "chrisgrieser",
        "repo": "nvim-recorder",
        "rev": "7afb227a097ff6a427f69822b96143af14d2f5ef",
        "type": "github"
      },
      "original": {
        "owner": "chrisgrieser",
        "repo": "nvim-recorder",
        "type": "github"
      }
    },
    "plugins-zellij-vim": {
      "flake": false,
      "locked": {
        "lastModified": 1736208000,
        "narHash": "sha256-R4BYJNYwg4IpP06UcMN7ZbxbpiF711scuOZKBCDYwcs=",
        "owner": "fresh2dev",
        "repo": "zellij.vim",
        "rev": "6b80425dc93963a65aef7e9518deaa4dadf6865e",
        "type": "github"
      },
      "original": {
        "owner": "fresh2dev",
        "repo": "zellij.vim",
        "type": "github"
      }
    },
    "root": {
      "inputs": {
        "disko": "disko",
        "home-manager": "home-manager",
        "impermanence": "impermanence",
        "nix-cats": "nix-cats",
        "nix-virt": "nix-virt",
        "nixpkgs": "nixpkgs_3",
        "sops-nix": "sops-nix"
      }
    },
    "rust-overlay": {
      "inputs": {
        "nixpkgs": [
          "nix-cats",
          "nixpkgs"
        ]
      },
      "locked": {
        "lastModified": 1756003222,
        "narHash": "sha256-lmEMhIIbjt8Wp1EYbNqCojuU9ygyDFv8Tu0X1k8qIMc=",
        "owner": "oxalica",
        "repo": "rust-overlay",
        "rev": "88ceedecde53e809b4bf8b5fd10d181889d9bac7",
        "type": "github"
      },
      "original": {
        "owner": "oxalica",
        "repo": "rust-overlay",
        "type": "github"
      }
    },
    "sops-nix": {
      "inputs": {
        "nixpkgs": "nixpkgs_4"
      },
      "locked": {
        "lastModified": 1768863606,
        "narHash": "sha256-1IHAeS8WtBiEo5XiyJBHOXMzECD6aaIOJmpQKzRRl64=",
        "owner": "Mic92",
        "repo": "sops-nix",
        "rev": "c7067be8db2c09ab1884de67ef6c4f693973f4a2",
        "type": "github"
      },
      "original": {
        "owner": "Mic92",
        "repo": "sops-nix",
        "type": "github"
      }
    }
  },
  "root": "root",
  "version": 7
}
